
Microsoft Visual Studio Solution File, Format Version 12.00
# Visual Studio 14
VisualStudioVersion = 14.0.25420.1
MinimumVisualStudioVersion = 10.0.40219.1
Project("{E24C65DC-7377-472B-9ABA-BC803B73C61A}") = "WebSite6", "..\..\WebSites\WebSite6\", "{C2F58566-3A8F-4F74-94C3-ADA1B605D0FF}"
	ProjectSection(WebsiteProperties) = preProject
		TargetFrameworkMoniker = ".NETFramework,Version%3Dv4.5.2"
		Debug.AspNetCompiler.VirtualPath = "/localhost_52347"
		Debug.AspNetCompiler.PhysicalPath = "..\..\WebSites\WebSite6\"
		Debug.AspNetCompiler.TargetPath = "PrecompiledWeb\localhost_52347\"
		Debug.AspNetCompiler.Updateable = "true"
		Debug.AspNetCompiler.ForceOverwrite = "true"
		Debug.AspNetCompiler.FixedNames = "false"
		Debug.AspNetCompiler.Debug = "True"
		Release.AspNetCompiler.VirtualPath = "/localhost_52347"
		Release.AspNetCompiler.PhysicalPath = "..\..\WebSites\WebSite6\"
		Release.AspNetCompiler.TargetPath = "PrecompiledWeb\localhost_52347\"
		Release.AspNetCompiler.Updateable = "true"
		Release.AspNetCompiler.ForceOverwrite = "true"
		Release.AspNetCompiler.FixedNames = "false"
		Release.AspNetCompiler.Debug = "False"
		VWDPort = "52347"
		SlnRelativePath = "..\..\WebSites\WebSite6\"
		DefaultWebSiteLanguage = "Visual Basic"
	EndProjectSection
EndProject
Global
	GlobalSection(SolutionConfigurationPlatforms) = preSolution
		Debug|Any CPU = Debug|Any CPU
	EndGlobalSection
	GlobalSection(ProjectConfigurationPlatforms) = postSolution
		{C2F58566-3A8F-4F74-94C3-ADA1B605D0FF}.Debug|Any CPU.ActiveCfg = Debug|Any CPU
		{C2F58566-3A8F-4F74-94C3-ADA1B605D0FF}.Debug|Any CPU.Build.0 = Debug|Any CPU
	EndGlobalSection
	GlobalSection(SolutionProperties) = preSolution
		HideSolutionNode = FALSE
	EndGlobalSection
EndGlobal
